// !$*UTF8*$!
{
	archiveVersion = 1;
	classes = {
	};
	objectVersion = 50;
	objects = {

/* Begin PBXBuildFile section */
		89EBE31A2420B32700B6AE26 /* MainViewController.m in Sources */ = {isa = PBXBuildFile; fileRef = 89EBE3192420B32700B6AE26 /* MainViewController.m */; };
		8A1E261824214D4A003131ED /* Details.storyboard in Resources */ = {isa = PBXBuildFile; fileRef = 8A1E261724214D49003131ED /* Details.storyboard */; };
		8AB9C9E9242003D700E2A14A /* AppDelegate.m in Sources */ = {isa = PBXBuildFile; fileRef = 8AB9C9E8242003D700E2A14A /* AppDelegate.m */; };
		8AB9C9EC242003D700E2A14A /* SceneDelegate.m in Sources */ = {isa = PBXBuildFile; fileRef = 8AB9C9EB242003D700E2A14A /* SceneDelegate.m */; };
		8AB9C9EF242003D700E2A14A /* ViewController.m in Sources */ = {isa = PBXBuildFile; fileRef = 8AB9C9EE242003D700E2A14A /* ViewController.m */; };
		8AB9C9F2242003D700E2A14A /* Main.storyboard in Resources */ = {isa = PBXBuildFile; fileRef = 8AB9C9F0242003D700E2A14A /* Main.storyboard */; };
		8AB9C9F7242003DA00E2A14A /* LaunchScreen.storyboard in Resources */ = {isa = PBXBuildFile; fileRef = 8AB9C9F5242003DA00E2A14A /* LaunchScreen.storyboard */; };
		8AB9C9FA242003DA00E2A14A /* main.m in Sources */ = {isa = PBXBuildFile; fileRef = 8AB9C9F9242003DA00E2A14A /* main.m */; };
		8AB9CA042420513E00E2A14A /* DetailsViewController.m in Sources */ = {isa = PBXBuildFile; fileRef = 8AB9CA032420513E00E2A14A /* DetailsViewController.m */; };
		8AB9CA06242051A600E2A14A /* Assets.xcassets in Resources */ = {isa = PBXBuildFile; fileRef = 8AB9CA05242051A600E2A14A /* Assets.xcassets */; };
/* End PBXBuildFile section */

/* Begin PBXFileReference section */
		89EBE3182420B32700B6AE26 /* MainViewController.h */ = {isa = PBXFileReference; lastKnownFileType = sourcecode.c.h; name = MainViewController.h; path = ObjectiveC_challenge/Controller/MainViewController.h; sourceTree = SOURCE_ROOT; };
		89EBE3192420B32700B6AE26 /* MainViewController.m */ = {isa = PBXFileReference; lastKnownFileType = sourcecode.c.objc; name = MainViewController.m; path = ObjectiveC_challenge/Controller/MainViewController.m; sourceTree = SOURCE_ROOT; };
		8A1E261724214D49003131ED /* Details.storyboard */ = {isa = PBXFileReference; lastKnownFileType = file.storyboard; path = Details.storyboard; sourceTree = "<group>"; };
		8AB9C9E4242003D700E2A14A /* ObjectiveC_challenge.app */ = {isa = PBXFileReference; explicitFileType = wrapper.application; includeInIndex = 0; path = ObjectiveC_challenge.app; sourceTree = BUILT_PRODUCTS_DIR; };
		8AB9C9E7242003D700E2A14A /* AppDelegate.h */ = {isa = PBXFileReference; lastKnownFileType = sourcecode.c.h; path = AppDelegate.h; sourceTree = "<group>"; };
		8AB9C9E8242003D700E2A14A /* AppDelegate.m */ = {isa = PBXFileReference; lastKnownFileType = sourcecode.c.objc; path = AppDelegate.m; sourceTree = "<group>"; };
		8AB9C9EA242003D700E2A14A /* SceneDelegate.h */ = {isa = PBXFileReference; lastKnownFileType = sourcecode.c.h; path = SceneDelegate.h; sourceTree = "<group>"; };
		8AB9C9EB242003D700E2A14A /* SceneDelegate.m */ = {isa = PBXFileReference; lastKnownFileType = sourcecode.c.objc; path = SceneDelegate.m; sourceTree = "<group>"; };
		8AB9C9ED242003D700E2A14A /* ViewController.h */ = {isa = PBXFileReference; lastKnownFileType = sourcecode.c.h; path = ViewController.h; sourceTree = "<group>"; };
		8AB9C9EE242003D700E2A14A /* ViewController.m */ = {isa = PBXFileReference; lastKnownFileType = sourcecode.c.objc; path = ViewController.m; sourceTree = "<group>"; };
		8AB9C9F1242003D700E2A14A /* Base */ = {isa = PBXFileReference; lastKnownFileType = file.storyboard; name = Base; path = Base.lproj/Main.storyboard; sourceTree = "<group>"; };
		8AB9C9F6242003DA00E2A14A /* Base */ = {isa = PBXFileReference; lastKnownFileType = file.storyboard; name = Base; path = Base.lproj/LaunchScreen.storyboard; sourceTree = "<group>"; };
		8AB9C9F8242003DA00E2A14A /* Info.plist */ = {isa = PBXFileReference; lastKnownFileType = text.plist.xml; path = Info.plist; sourceTree = "<group>"; };
		8AB9C9F9242003DA00E2A14A /* main.m */ = {isa = PBXFileReference; lastKnownFileType = sourcecode.c.objc; path = main.m; sourceTree = "<group>"; };
		8AB9CA022420513E00E2A14A /* DetailsViewController.h */ = {isa = PBXFileReference; lastKnownFileType = sourcecode.c.h; path = DetailsViewController.h; sourceTree = "<group>"; };
		8AB9CA032420513E00E2A14A /* DetailsViewController.m */ = {isa = PBXFileReference; lastKnownFileType = sourcecode.c.objc; path = DetailsViewController.m; sourceTree = "<group>"; };
		8AB9CA05242051A600E2A14A /* Assets.xcassets */ = {isa = PBXFileReference; lastKnownFileType = folder.assetcatalog; path = Assets.xcassets; sourceTree = "<group>"; };
/* End PBXFileReference section */

/* Begin PBXFrameworksBuildPhase section */
		8AB9C9E1242003D700E2A14A /* Frameworks */ = {
			isa = PBXFrameworksBuildPhase;
			buildActionMask = 2147483647;
			files = (
			);
			runOnlyForDeploymentPostprocessing = 0;
		};
/* End PBXFrameworksBuildPhase section */

/* Begin PBXGroup section */
		8985AA7924201C77006A9003 /* Networking */ = {
			isa = PBXGroup;
			children = (
			);
			path = Networking;
			sourceTree = "<group>";
		};
		8985AA7A24201D80006A9003 /* Support */ = {
			isa = PBXGroup;
			children = (
				8AB9C9E7242003D700E2A14A /* AppDelegate.h */,
				8AB9C9E8242003D700E2A14A /* AppDelegate.m */,
				8AB9C9F8242003DA00E2A14A /* Info.plist */,
				8AB9C9EA242003D700E2A14A /* SceneDelegate.h */,
				8AB9C9EB242003D700E2A14A /* SceneDelegate.m */,
			);
			path = Support;
			sourceTree = "<group>";
		};
		8985AA7B24201EA5006A9003 /* Controller */ = {
			isa = PBXGroup;
			children = (
				8AB9C9ED242003D700E2A14A /* ViewController.h */,
				8AB9C9EE242003D700E2A14A /* ViewController.m */,
				89EBE3182420B32700B6AE26 /* MainViewController.h */,
				89EBE3192420B32700B6AE26 /* MainViewController.m */,
				8AB9CA022420513E00E2A14A /* DetailsViewController.h */,
				8AB9CA032420513E00E2A14A /* DetailsViewController.m */,
			);
			path = Controller;
			sourceTree = "<group>";
		};
		8985AA7C24201EB2006A9003 /* Model */ = {
			isa = PBXGroup;
			children = (
			);
			path = Model;
			sourceTree = "<group>";
		};
		8985AA7D24201EB8006A9003 /* View */ = {
			isa = PBXGroup;
			children = (
				8AB9C9F0242003D700E2A14A /* Main.storyboard */,
				8AB9C9F5242003DA00E2A14A /* LaunchScreen.storyboard */,
				8A1E261724214D49003131ED /* Details.storyboard */,
			);
			path = View;
			sourceTree = "<group>";
		};
		8AB9C9DB242003D700E2A14A = {
			isa = PBXGroup;
			children = (
				8AB9C9E6242003D700E2A14A /* ObjectiveC_challenge */,
				8AB9C9E5242003D700E2A14A /* Products */,
			);
			sourceTree = "<group>";
		};
		8AB9C9E5242003D700E2A14A /* Products */ = {
			isa = PBXGroup;
			children = (
				8AB9C9E4242003D700E2A14A /* ObjectiveC_challenge.app */,
			);
			name = Products;
			sourceTree = "<group>";
		};
		8AB9C9E6242003D700E2A14A /* ObjectiveC_challenge */ = {
			isa = PBXGroup;
			children = (
				8AB9CA05242051A600E2A14A /* Assets.xcassets */,
				8985AA7C24201EB2006A9003 /* Model */,
				8985AA7D24201EB8006A9003 /* View */,
				8985AA7B24201EA5006A9003 /* Controller */,
				8985AA7924201C77006A9003 /* Networking */,
				8985AA7A24201D80006A9003 /* Support */,
				8AB9C9F9242003DA00E2A14A /* main.m */,
			);
			path = ObjectiveC_challenge;
			sourceTree = "<group>";
		};
/* End PBXGroup section */

/* Begin PBXNativeTarget section */
		8AB9C9E3242003D700E2A14A /* ObjectiveC_challenge */ = {
			isa = PBXNativeTarget;
			buildConfigurationList = 8AB9C9FD242003DA00E2A14A /* Build configuration list for PBXNativeTarget "ObjectiveC_challenge" */;
			buildPhases = (
				8AB9C9E0242003D700E2A14A /* Sources */,
				8AB9C9E1242003D700E2A14A /* Frameworks */,
				8AB9C9E2242003D700E2A14A /* Resources */,
			);
			buildRules = (
			);
			dependencies = (
			);
			name = ObjectiveC_challenge;
			productName = ObjectiveC_challenge;
			productReference = 8AB9C9E4242003D700E2A14A /* ObjectiveC_challenge.app */;
			productType = "com.apple.product-type.application";
		};
/* End PBXNativeTarget section */

/* Begin PBXProject section */
		8AB9C9DC242003D700E2A14A /* Project object */ = {
			isa = PBXProject;
			attributes = {
				LastUpgradeCheck = 1130;
				ORGANIZATIONNAME = "Matheus Lima Ferreira";
				TargetAttributes = {
					8AB9C9E3242003D700E2A14A = {
						CreatedOnToolsVersion = 11.3.1;
					};
				};
			};
			buildConfigurationList = 8AB9C9DF242003D700E2A14A /* Build configuration list for PBXProject "ObjectiveC_challenge" */;
			compatibilityVersion = "Xcode 9.3";
			developmentRegion = en;
			hasScannedForEncodings = 0;
			knownRegions = (
				en,
				Base,
			);
			mainGroup = 8AB9C9DB242003D700E2A14A;
			productRefGroup = 8AB9C9E5242003D700E2A14A /* Products */;
			projectDirPath = "";
			projectRoot = "";
			targets = (
				8AB9C9E3242003D700E2A14A /* ObjectiveC_challenge */,
			);
		};
/* End PBXProject section */

/* Begin PBXResourcesBuildPhase section */
		8AB9C9E2242003D700E2A14A /* Resources */ = {
			isa = PBXResourcesBuildPhase;
			buildActionMask = 2147483647;
			files = (
				8A1E261824214D4A003131ED /* Details.storyboard in Resources */,
				8AB9C9F7242003DA00E2A14A /* LaunchScreen.storyboard in Resources */,
				8AB9C9F2242003D700E2A14A /* Main.storyboard in Resources */,
				8AB9CA06242051A600E2A14A /* Assets.xcassets in Resources */,
			);
			runOnlyForDeploymentPostprocessing = 0;
		};
/* End PBXResourcesBuildPhase section */

/* Begin PBXSourcesBuildPhase section */
		8AB9C9E0242003D700E2A14A /* Sources */ = {
			isa = PBXSourcesBuildPhase;
			buildActionMask = 2147483647;
			files = (
				8AB9C9EF242003D700E2A14A /* ViewController.m in Sources */,
				89EBE31A2420B32700B6AE26 /* MainViewController.m in Sources */,
				8AB9CA042420513E00E2A14A /* DetailsViewController.m in Sources */,
				8AB9C9E9242003D700E2A14A /* AppDelegate.m in Sources */,
				8AB9C9FA242003DA00E2A14A /* main.m in Sources */,
				8AB9C9EC242003D700E2A14A /* SceneDelegate.m in Sources */,
			);
			runOnlyForDeploymentPostprocessing = 0;
		};
/* End PBXSourcesBuildPhase section */

/* Begin PBXVariantGroup section */
		8AB9C9F0242003D700E2A14A /* Main.storyboard */ = {
			isa = PBXVariantGroup;
			children = (
				8AB9C9F1242003D700E2A14A /* Base */,
			);
			name = Main.storyboard;
			sourceTree = "<group>";
		};
		8AB9C9F5242003DA00E2A14A /* LaunchScreen.storyboard */ = {
			isa = PBXVariantGroup;
			children = (
				8AB9C9F6242003DA00E2A14A /* Base */,
			);
			name = LaunchScreen.storyboard;
			sourceTree = "<group>";
		};
/* End PBXVariantGroup section */

/* Begin XCBuildConfiguration section */
		8AB9C9FB242003DA00E2A14A /* Debug */ = {
			isa = XCBuildConfiguration;
			buildSettings = {
				ALWAYS_SEARCH_USER_PATHS = NO;
				CLANG_ANALYZER_NONNULL = YES;
				CLANG_ANALYZER_NUMBER_OBJECT_CONVERSION = YES_AGGRESSIVE;
				CLANG_CXX_LANGUAGE_STANDARD = "gnu++14";
				CLANG_CXX_LIBRARY = "libc++";
				CLANG_ENABLE_MODULES = YES;
				CLANG_ENABLE_OBJC_ARC = YES;
				CLANG_ENABLE_OBJC_WEAK = YES;
				CLANG_WARN_BLOCK_CAPTURE_AUTORELEASING = YES;
				CLANG_WARN_BOOL_CONVERSION = YES;
				CLANG_WARN_COMMA = YES;
				CLANG_WARN_CONSTANT_CONVERSION = YES;
				CLANG_WARN_DEPRECATED_OBJC_IMPLEMENTATIONS = YES;
				CLANG_WARN_DIRECT_OBJC_ISA_USAGE = YES_ERROR;
				CLANG_WARN_DOCUMENTATION_COMMENTS = YES;
				CLANG_WARN_EMPTY_BODY = YES;
				CLANG_WARN_ENUM_CONVERSION = YES;
				CLANG_WARN_INFINITE_RECURSION = YES;
				CLANG_WARN_INT_CONVERSION = YES;
				CLANG_WARN_NON_LITERAL_NULL_CONVERSION = YES;
				CLANG_WARN_OBJC_IMPLICIT_RETAIN_SELF = YES;
				CLANG_WARN_OBJC_LITERAL_CONVERSION = YES;
				CLANG_WARN_OBJC_ROOT_CLASS = YES_ERROR;
				CLANG_WARN_RANGE_LOOP_ANALYSIS = YES;
				CLANG_WARN_STRICT_PROTOTYPES = YES;
				CLANG_WARN_SUSPICIOUS_MOVE = YES;
				CLANG_WARN_UNGUARDED_AVAILABILITY = YES_AGGRESSIVE;
				CLANG_WARN_UNREACHABLE_CODE = YES;
				CLANG_WARN__DUPLICATE_METHOD_MATCH = YES;
				COPY_PHASE_STRIP = NO;
				DEBUG_INFORMATION_FORMAT = dwarf;
				ENABLE_STRICT_OBJC_MSGSEND = YES;
				ENABLE_TESTABILITY = YES;
				GCC_C_LANGUAGE_STANDARD = gnu11;
				GCC_DYNAMIC_NO_PIC = NO;
				GCC_NO_COMMON_BLOCKS = YES;
				GCC_OPTIMIZATION_LEVEL = 0;
				GCC_PREPROCESSOR_DEFINITIONS = (
					"DEBUG=1",
					"$(inherited)",
				);
				GCC_WARN_64_TO_32_BIT_CONVERSION = YES;
				GCC_WARN_ABOUT_RETURN_TYPE = YES_ERROR;
				GCC_WARN_UNDECLARED_SELECTOR = YES;
				GCC_WARN_UNINITIALIZED_AUTOS = YES_AGGRESSIVE;
				GCC_WARN_UNUSED_FUNCTION = YES;
				GCC_WARN_UNUSED_VARIABLE = YES;
				IPHONEOS_DEPLOYMENT_TARGET = 13.2;
				MTL_ENABLE_DEBUG_INFO = INCLUDE_SOURCE;
				MTL_FAST_MATH = YES;
				ONLY_ACTIVE_ARCH = YES;
				SDKROOT = iphoneos;
			};
			name = Debug;
		};
		8AB9C9FC242003DA00E2A14A /* Release */ = {
			isa = XCBuildConfiguration;
			buildSettings = {
				ALWAYS_SEARCH_USER_PATHS = NO;
				CLANG_ANALYZER_NONNULL = YES;
				CLANG_ANALYZER_NUMBER_OBJECT_CONVERSION = YES_AGGRESSIVE;
				CLANG_CXX_LANGUAGE_STANDARD = "gnu++14";
				CLANG_CXX_LIBRARY = "libc++";
				CLANG_ENABLE_MODULES = YES;
				CLANG_ENABLE_OBJC_ARC = YES;
				CLANG_ENABLE_OBJC_WEAK = YES;
				CLANG_WARN_BLOCK_CAPTURE_AUTORELEASING = YES;
				CLANG_WARN_BOOL_CONVERSION = YES;
				CLANG_WARN_COMMA = YES;
				CLANG_WARN_CONSTANT_CONVERSION = YES;
				CLANG_WARN_DEPRECATED_OBJC_IMPLEMENTATIONS = YES;
				CLANG_WARN_DIRECT_OBJC_ISA_USAGE = YES_ERROR;
				CLANG_WARN_DOCUMENTATION_COMMENTS = YES;
				CLANG_WARN_EMPTY_BODY = YES;
				CLANG_WARN_ENUM_CONVERSION = YES;
				CLANG_WARN_INFINITE_RECURSION = YES;
				CLANG_WARN_INT_CONVERSION = YES;
				CLANG_WARN_NON_LITERAL_NULL_CONVERSION = YES;
				CLANG_WARN_OBJC_IMPLICIT_RETAIN_SELF = YES;
				CLANG_WARN_OBJC_LITERAL_CONVERSION = YES;
				CLANG_WARN_OBJC_ROOT_CLASS = YES_ERROR;
				CLANG_WARN_RANGE_LOOP_ANALYSIS = YES;
				CLANG_WARN_STRICT_PROTOTYPES = YES;
				CLANG_WARN_SUSPICIOUS_MOVE = YES;
				CLANG_WARN_UNGUARDED_AVAILABILITY = YES_AGGRESSIVE;
				CLANG_WARN_UNREACHABLE_CODE = YES;
				CLANG_WARN__DUPLICATE_METHOD_MATCH = YES;
				COPY_PHASE_STRIP = NO;
				DEBUG_INFORMATION_FORMAT = "dwarf-with-dsym";
				ENABLE_NS_ASSERTIONS = NO;
				ENABLE_STRICT_OBJC_MSGSEND = YES;
				GCC_C_LANGUAGE_STANDARD = gnu11;
				GCC_NO_COMMON_BLOCKS = YES;
				GCC_WARN_64_TO_32_BIT_CONVERSION = YES;
				GCC_WARN_ABOUT_RETURN_TYPE = YES_ERROR;
				GCC_WARN_UNDECLARED_SELECTOR = YES;
				GCC_WARN_UNINITIALIZED_AUTOS = YES_AGGRESSIVE;
				GCC_WARN_UNUSED_FUNCTION = YES;
				GCC_WARN_UNUSED_VARIABLE = YES;
				IPHONEOS_DEPLOYMENT_TARGET = 13.2;
				MTL_ENABLE_DEBUG_INFO = NO;
				MTL_FAST_MATH = YES;
				SDKROOT = iphoneos;
				VALIDATE_PRODUCT = YES;
			};
			name = Release;
		};
		8AB9C9FE242003DA00E2A14A /* Debug */ = {
			isa = XCBuildConfiguration;
			buildSettings = {
				ASSETCATALOG_COMPILER_APPICON_NAME = AppIcon;
				CODE_SIGN_STYLE = Automatic;
				DEVELOPMENT_TEAM = P7WV6D6894;
				INFOPLIST_FILE = ObjectiveC_challenge/Support/Info.plist;
				LD_RUNPATH_SEARCH_PATHS = (
					"$(inherited)",
					"@executable_path/Frameworks",
				);
				PRODUCT_BUNDLE_IDENTIFIER = "com.developer.ObjectiveC-challenge";
				PRODUCT_NAME = "$(TARGET_NAME)";
				TARGETED_DEVICE_FAMILY = "1,2";
			};
			name = Debug;
		};
		8AB9C9FF242003DA00E2A14A /* Release */ = {
			isa = XCBuildConfiguration;
			buildSettings = {
				ASSETCATALOG_COMPILER_APPICON_NAME = AppIcon;
				CODE_SIGN_STYLE = Automatic;
				DEVELOPMENT_TEAM = P7WV6D6894;
				INFOPLIST_FILE = ObjectiveC_challenge/Support/Info.plist;
				LD_RUNPATH_SEARCH_PATHS = (
					"$(inherited)",
					"@executable_path/Frameworks",
				);
				PRODUCT_BUNDLE_IDENTIFIER = "com.developer.ObjectiveC-challenge";
				PRODUCT_NAME = "$(TARGET_NAME)";
				TARGETED_DEVICE_FAMILY = "1,2";
			};
			name = Release;
		};
/* End XCBuildConfiguration section */

/* Begin XCConfigurationList section */
		8AB9C9DF242003D700E2A14A /* Build configuration list for PBXProject "ObjectiveC_challenge" */ = {
			isa = XCConfigurationList;
			buildConfigurations = (
				8AB9C9FB242003DA00E2A14A /* Debug */,
				8AB9C9FC242003DA00E2A14A /* Release */,
			);
			defaultConfigurationIsVisible = 0;
			defaultConfigurationName = Release;
		};
		8AB9C9FD242003DA00E2A14A /* Build configuration list for PBXNativeTarget "ObjectiveC_challenge" */ = {
			isa = XCConfigurationList;
			buildConfigurations = (
				8AB9C9FE242003DA00E2A14A /* Debug */,
				8AB9C9FF242003DA00E2A14A /* Release */,
			);
			defaultConfigurationIsVisible = 0;
			defaultConfigurationName = Release;
		};
/* End XCConfigurationList section */
	};
	rootObject = 8AB9C9DC242003D700E2A14A /* Project object */;
}
